# @generated by Move, please check-in and do not edit manually.

[move]
version = 0
manifest_digest = "CE32F569E8EA62F39B431FC458BB2644146CA7FED8A660E216276953893A99CE"
deps_digest = "3766E695D0DFB2458704C40549BCAA37A631DEB8731BA0E5BC1032CC94AD4773"

dependencies = [
  { name = "Sui" },
]

[[move.package]]
name = "MoveStdlib"
source = { git = "https://github.com/MystenLabs/sui.git", rev = "framework/devnet", subdir = "crates/sui-framework/packages/move-stdlib" }

[[move.package]]
name = "Sui"
source = { git = "https://github.com/MystenLabs/sui.git", rev = "framework/devnet", subdir = "crates/sui-framework/packages/sui-framework" }

dependencies = [
  { name = "MoveStdlib" },
]
